
Microsoft Visual Studio Solution File, Format Version 12.00
# Visual Studio Version 17
VisualStudioVersion = 17.10.34607.79
MinimumVisualStudioVersion = 10.0.40219.1
Project("{9A19103F-16F7-4668-BE54-9A1E7A4F7556}") = "BlazorUtils.EasyApi", "BlazorUtils.EasyApi\BlazorUtils.EasyApi.csproj", "{B70C5162-2FA0-42B3-B6C8-A46CF6B85CC4}"
EndProject
Project("{2150E333-8FDC-42A3-9474-1A3956D46DE8}") = "tests", "tests", "{438506C3-E578-4FE0-925C-9F02C0418537}"
EndProject
Project("{2150E333-8FDC-42A3-9474-1A3956D46DE8}") = "src", "src", "{9CFED6DA-2D8E-4D59-B35A-10A4A80F6B96}"
EndProject
Project("{9A19103F-16F7-4668-BE54-9A1E7A4F7556}") = "BlazorUtils.EasyApi.Client", "BlazorUtils.EasyApi.Client\BlazorUtils.EasyApi.Client.csproj", "{24315633-B4CE-44DE-838F-65AB72987E49}"
EndProject
Project("{9A19103F-16F7-4668-BE54-9A1E7A4F7556}") = "BlazorUtils.EasyApi.Server", "BlazorUtils.EasyApi.Server\BlazorUtils.EasyApi.Server.csproj", "{28232229-94C3-4663-84C4-41AFD06589CE}"
EndProject
Project("{9A19103F-16F7-4668-BE54-9A1E7A4F7556}") = "BlazorUtils.EasyApi.Shared", "BlazorUtils.EasyApi.Shared\BlazorUtils.EasyApi.Shared.csproj", "{4D9EBF3B-B1DC-4FA6-BE5E-95C505C8013D}"
EndProject
Project("{9A19103F-16F7-4668-BE54-9A1E7A4F7556}") = "BlazorUtils.EasyApi.Tests", "BlazorUtils.EasyApi.Tests\BlazorUtils.EasyApi.Tests.csproj", "{E8CA9EFC-1F81-42E1-9759-1BD6ABE551E4}"
EndProject
Project("{2150E333-8FDC-42A3-9474-1A3956D46DE8}") = "SUT", "SUT", "{5C97F842-C018-4CB1-8329-CAE9D3DF8524}"
EndProject
Project("{9A19103F-16F7-4668-BE54-9A1E7A4F7556}") = "BlazorUtils.EasyApi.Tests.SUT.Contract", "BlazorUtils.EasyApi.Tests.SUT.Contract\BlazorUtils.EasyApi.Tests.SUT.Contract.csproj", "{F0D95DFE-7AC8-47C8-B8EE-22198A7C87E2}"
EndProject
Project("{FAE04EC0-301F-11D3-BF4B-00C04F79EFBC}") = "BlazorUtils.EasyApi.Tests.SUT.Client", "BlazorUtils.EasyApi.Tests.SUT.Client\BlazorUtils.EasyApi.Tests.SUT.Client.csproj", "{3E897393-8A98-42A6-A66C-FA6F08A41737}"
EndProject
Project("{FAE04EC0-301F-11D3-BF4B-00C04F79EFBC}") = "BlazorUtils.EasyApi.Tests.SUT.Server", "BlazorUtils.EasyApi.Tests.SUT.Server\BlazorUtils.EasyApi.Tests.SUT.Server.csproj", "{4EB0BDA2-B834-40E6-A0BF-4A40A98DC79F}"
EndProject
Global
	GlobalSection(SolutionConfigurationPlatforms) = preSolution
		Debug|Any CPU = Debug|Any CPU
		Release|Any CPU = Release|Any CPU
	EndGlobalSection
	GlobalSection(ProjectConfigurationPlatforms) = postSolution
		{B70C5162-2FA0-42B3-B6C8-A46CF6B85CC4}.Debug|Any CPU.ActiveCfg = Debug|Any CPU
		{B70C5162-2FA0-42B3-B6C8-A46CF6B85CC4}.Debug|Any CPU.Build.0 = Debug|Any CPU
		{B70C5162-2FA0-42B3-B6C8-A46CF6B85CC4}.Release|Any CPU.ActiveCfg = Release|Any CPU
		{B70C5162-2FA0-42B3-B6C8-A46CF6B85CC4}.Release|Any CPU.Build.0 = Release|Any CPU
		{24315633-B4CE-44DE-838F-65AB72987E49}.Debug|Any CPU.ActiveCfg = Debug|Any CPU
		{24315633-B4CE-44DE-838F-65AB72987E49}.Debug|Any CPU.Build.0 = Debug|Any CPU
		{24315633-B4CE-44DE-838F-65AB72987E49}.Release|Any CPU.ActiveCfg = Release|Any CPU
		{24315633-B4CE-44DE-838F-65AB72987E49}.Release|Any CPU.Build.0 = Release|Any CPU
		{28232229-94C3-4663-84C4-41AFD06589CE}.Debug|Any CPU.ActiveCfg = Debug|Any CPU
		{28232229-94C3-4663-84C4-41AFD06589CE}.Debug|Any CPU.Build.0 = Debug|Any CPU
		{28232229-94C3-4663-84C4-41AFD06589CE}.Release|Any CPU.ActiveCfg = Release|Any CPU
		{28232229-94C3-4663-84C4-41AFD06589CE}.Release|Any CPU.Build.0 = Release|Any CPU
		{4D9EBF3B-B1DC-4FA6-BE5E-95C505C8013D}.Debug|Any CPU.ActiveCfg = Debug|Any CPU
		{4D9EBF3B-B1DC-4FA6-BE5E-95C505C8013D}.Debug|Any CPU.Build.0 = Debug|Any CPU
		{4D9EBF3B-B1DC-4FA6-BE5E-95C505C8013D}.Release|Any CPU.ActiveCfg = Release|Any CPU
		{4D9EBF3B-B1DC-4FA6-BE5E-95C505C8013D}.Release|Any CPU.Build.0 = Release|Any CPU
		{E8CA9EFC-1F81-42E1-9759-1BD6ABE551E4}.Debug|Any CPU.ActiveCfg = Debug|Any CPU
		{E8CA9EFC-1F81-42E1-9759-1BD6ABE551E4}.Debug|Any CPU.Build.0 = Debug|Any CPU
		{E8CA9EFC-1F81-42E1-9759-1BD6ABE551E4}.Release|Any CPU.ActiveCfg = Release|Any CPU
		{E8CA9EFC-1F81-42E1-9759-1BD6ABE551E4}.Release|Any CPU.Build.0 = Release|Any CPU
		{F0D95DFE-7AC8-47C8-B8EE-22198A7C87E2}.Debug|Any CPU.ActiveCfg = Debug|Any CPU
		{F0D95DFE-7AC8-47C8-B8EE-22198A7C87E2}.Debug|Any CPU.Build.0 = Debug|Any CPU
		{F0D95DFE-7AC8-47C8-B8EE-22198A7C87E2}.Release|Any CPU.ActiveCfg = Release|Any CPU
		{F0D95DFE-7AC8-47C8-B8EE-22198A7C87E2}.Release|Any CPU.Build.0 = Release|Any CPU
		{3E897393-8A98-42A6-A66C-FA6F08A41737}.Debug|Any CPU.ActiveCfg = Debug|Any CPU
		{3E897393-8A98-42A6-A66C-FA6F08A41737}.Debug|Any CPU.Build.0 = Debug|Any CPU
		{3E897393-8A98-42A6-A66C-FA6F08A41737}.Release|Any CPU.ActiveCfg = Release|Any CPU
		{3E897393-8A98-42A6-A66C-FA6F08A41737}.Release|Any CPU.Build.0 = Release|Any CPU
		{4EB0BDA2-B834-40E6-A0BF-4A40A98DC79F}.Debug|Any CPU.ActiveCfg = Debug|Any CPU
		{4EB0BDA2-B834-40E6-A0BF-4A40A98DC79F}.Debug|Any CPU.Build.0 = Debug|Any CPU
		{4EB0BDA2-B834-40E6-A0BF-4A40A98DC79F}.Release|Any CPU.ActiveCfg = Release|Any CPU
		{4EB0BDA2-B834-40E6-A0BF-4A40A98DC79F}.Release|Any CPU.Build.0 = Release|Any CPU
	EndGlobalSection
	GlobalSection(SolutionProperties) = preSolution
		HideSolutionNode = FALSE
	EndGlobalSection
	GlobalSection(NestedProjects) = preSolution
		{B70C5162-2FA0-42B3-B6C8-A46CF6B85CC4} = {9CFED6DA-2D8E-4D59-B35A-10A4A80F6B96}
		{24315633-B4CE-44DE-838F-65AB72987E49} = {9CFED6DA-2D8E-4D59-B35A-10A4A80F6B96}
		{28232229-94C3-4663-84C4-41AFD06589CE} = {9CFED6DA-2D8E-4D59-B35A-10A4A80F6B96}
		{4D9EBF3B-B1DC-4FA6-BE5E-95C505C8013D} = {9CFED6DA-2D8E-4D59-B35A-10A4A80F6B96}
		{E8CA9EFC-1F81-42E1-9759-1BD6ABE551E4} = {438506C3-E578-4FE0-925C-9F02C0418537}
		{5C97F842-C018-4CB1-8329-CAE9D3DF8524} = {438506C3-E578-4FE0-925C-9F02C0418537}
		{F0D95DFE-7AC8-47C8-B8EE-22198A7C87E2} = {5C97F842-C018-4CB1-8329-CAE9D3DF8524}
		{3E897393-8A98-42A6-A66C-FA6F08A41737} = {5C97F842-C018-4CB1-8329-CAE9D3DF8524}
		{4EB0BDA2-B834-40E6-A0BF-4A40A98DC79F} = {5C97F842-C018-4CB1-8329-CAE9D3DF8524}
	EndGlobalSection
	GlobalSection(ExtensibilityGlobals) = postSolution
		SolutionGuid = {F8F0A019-4A8A-4836-A99F-A6C90945DC29}
	EndGlobalSection
EndGlobal
